
Microsoft Visual Studio Solution File, Format Version 12.00
# Visual Studio Version 16
VisualStudioVersion = 16.0.31005.135
MinimumVisualStudioVersion = 10.0.40219.1
Project("{FAE04EC0-301F-11D3-BF4B-00C04F79EFBC}") = "backend-week3", "backend-week3\backend-week3.csproj", "{09DD4FFE-83AF-4BA4-A999-4D22288CDF88}"
EndProject
Global
	GlobalSection(SolutionConfigurationPlatforms) = preSolution
		Debug|Any CPU = Debug|Any CPU
		Release|Any CPU = Release|Any CPU
	EndGlobalSection
	GlobalSection(ProjectConfigurationPlatforms) = postSolution
		{09DD4FFE-83AF-4BA4-A999-4D22288CDF88}.Debug|Any CPU.ActiveCfg = Debug|Any CPU
		{09DD4FFE-83AF-4BA4-A999-4D22288CDF88}.Debug|Any CPU.Build.0 = Debug|Any CPU
		{09DD4FFE-83AF-4BA4-A999-4D22288CDF88}.Release|Any CPU.ActiveCfg = Release|Any CPU
		{09DD4FFE-83AF-4BA4-A999-4D22288CDF88}.Release|Any CPU.Build.0 = Release|Any CPU
	EndGlobalSection
	GlobalSection(SolutionProperties) = preSolution
		HideSolutionNode = FALSE
	EndGlobalSection
	GlobalSection(ExtensibilityGlobals) = postSolution
		SolutionGuid = {C43CA537-03D2-4A4C-B66D-DD5A7D733A95}
	EndGlobalSection
EndGlobal
